// !$*UTF8*$!
{
	archiveVersion = 1;
	classes = {
	};
	objectVersion = 56;
	objects = {

/* Begin PBXBuildFile section */
		19679E7C2C73653100C9F9BA /* APICaller.swift in Sources */ = {isa = PBXBuildFile; fileRef = 19679E7B2C73653100C9F9BA /* APICaller.swift */; };
		19C65BD72C70F84E008EF7FA /* AppDelegate.swift in Sources */ = {isa = PBXBuildFile; fileRef = 19C65BD62C70F84E008EF7FA /* AppDelegate.swift */; };
		19C65BD92C70F84E008EF7FA /* SceneDelegate.swift in Sources */ = {isa = PBXBuildFile; fileRef = 19C65BD82C70F84E008EF7FA /* SceneDelegate.swift */; };
		19C65BDB2C70F84E008EF7FA /* MainTabbarViewController.swift in Sources */ = {isa = PBXBuildFile; fileRef = 19C65BDA2C70F84E008EF7FA /* MainTabbarViewController.swift */; };
		19C65BE02C70F84F008EF7FA /* Assets.xcassets in Resources */ = {isa = PBXBuildFile; fileRef = 19C65BDF2C70F84F008EF7FA /* Assets.xcassets */; };
		19C65BE32C70F84F008EF7FA /* Base in Resources */ = {isa = PBXBuildFile; fileRef = 19C65BE22C70F84F008EF7FA /* Base */; };
		19C65BEC2C71085B008EF7FA /* HomeViewController.swift in Sources */ = {isa = PBXBuildFile; fileRef = 19C65BEB2C71085B008EF7FA /* HomeViewController.swift */; };
		19C65BEE2C71088F008EF7FA /* UpcomingViewController.swift in Sources */ = {isa = PBXBuildFile; fileRef = 19C65BED2C71088F008EF7FA /* UpcomingViewController.swift */; };
		19C65BF02C7108BC008EF7FA /* SearchViewController.swift in Sources */ = {isa = PBXBuildFile; fileRef = 19C65BEF2C7108BC008EF7FA /* SearchViewController.swift */; };
		19C65BF22C7108DF008EF7FA /* DownloadsViewController.swift in Sources */ = {isa = PBXBuildFile; fileRef = 19C65BF12C7108DF008EF7FA /* DownloadsViewController.swift */; };
		19C65BF92C711884008EF7FA /* CollectionViewTableViewCell.swift in Sources */ = {isa = PBXBuildFile; fileRef = 19C65BF82C711884008EF7FA /* CollectionViewTableViewCell.swift */; };
		19C65BFB2C712397008EF7FA /* HeroHeaderUIView.swift in Sources */ = {isa = PBXBuildFile; fileRef = 19C65BFA2C712397008EF7FA /* HeroHeaderUIView.swift */; };
/* End PBXBuildFile section */

/* Begin PBXFileReference section */
		19679E7B2C73653100C9F9BA /* APICaller.swift */ = {isa = PBXFileReference; lastKnownFileType = sourcecode.swift; path = APICaller.swift; sourceTree = "<group>"; };
		19C65BD32C70F84E008EF7FA /* NetflixApp.app */ = {isa = PBXFileReference; explicitFileType = wrapper.application; includeInIndex = 0; path = NetflixApp.app; sourceTree = BUILT_PRODUCTS_DIR; };
		19C65BD62C70F84E008EF7FA /* AppDelegate.swift */ = {isa = PBXFileReference; lastKnownFileType = sourcecode.swift; path = AppDelegate.swift; sourceTree = "<group>"; };
		19C65BD82C70F84E008EF7FA /* SceneDelegate.swift */ = {isa = PBXFileReference; lastKnownFileType = sourcecode.swift; path = SceneDelegate.swift; sourceTree = "<group>"; };
		19C65BDA2C70F84E008EF7FA /* MainTabbarViewController.swift */ = {isa = PBXFileReference; lastKnownFileType = sourcecode.swift; path = MainTabbarViewController.swift; sourceTree = "<group>"; };
		19C65BDF2C70F84F008EF7FA /* Assets.xcassets */ = {isa = PBXFileReference; lastKnownFileType = folder.assetcatalog; path = Assets.xcassets; sourceTree = "<group>"; };
		19C65BE22C70F84F008EF7FA /* Base */ = {isa = PBXFileReference; lastKnownFileType = file.storyboard; name = Base; path = Base.lproj/LaunchScreen.storyboard; sourceTree = "<group>"; };
		19C65BE42C70F84F008EF7FA /* Info.plist */ = {isa = PBXFileReference; lastKnownFileType = text.plist.xml; path = Info.plist; sourceTree = "<group>"; };
		19C65BEB2C71085B008EF7FA /* HomeViewController.swift */ = {isa = PBXFileReference; lastKnownFileType = sourcecode.swift; path = HomeViewController.swift; sourceTree = "<group>"; };
		19C65BED2C71088F008EF7FA /* UpcomingViewController.swift */ = {isa = PBXFileReference; lastKnownFileType = sourcecode.swift; path = UpcomingViewController.swift; sourceTree = "<group>"; };
		19C65BEF2C7108BC008EF7FA /* SearchViewController.swift */ = {isa = PBXFileReference; lastKnownFileType = sourcecode.swift; path = SearchViewController.swift; sourceTree = "<group>"; };
		19C65BF12C7108DF008EF7FA /* DownloadsViewController.swift */ = {isa = PBXFileReference; lastKnownFileType = sourcecode.swift; path = DownloadsViewController.swift; sourceTree = "<group>"; };
		19C65BF82C711884008EF7FA /* CollectionViewTableViewCell.swift */ = {isa = PBXFileReference; lastKnownFileType = sourcecode.swift; path = CollectionViewTableViewCell.swift; sourceTree = "<group>"; };
		19C65BFA2C712397008EF7FA /* HeroHeaderUIView.swift */ = {isa = PBXFileReference; lastKnownFileType = sourcecode.swift; path = HeroHeaderUIView.swift; sourceTree = "<group>"; };
/* End PBXFileReference section */

/* Begin PBXFrameworksBuildPhase section */
		19C65BD02C70F84E008EF7FA /* Frameworks */ = {
			isa = PBXFrameworksBuildPhase;
			buildActionMask = 2147483647;
			files = (
			);
			runOnlyForDeploymentPostprocessing = 0;
		};
/* End PBXFrameworksBuildPhase section */

/* Begin PBXGroup section */
		19C65BCA2C70F84E008EF7FA = {
			isa = PBXGroup;
			children = (
				19C65BD52C70F84E008EF7FA /* NetflixApp */,
				19C65BD42C70F84E008EF7FA /* Products */,
			);
			sourceTree = "<group>";
		};
		19C65BD42C70F84E008EF7FA /* Products */ = {
			isa = PBXGroup;
			children = (
				19C65BD32C70F84E008EF7FA /* NetflixApp.app */,
			);
			name = Products;
			sourceTree = "<group>";
		};
		19C65BD52C70F84E008EF7FA /* NetflixApp */ = {
			isa = PBXGroup;
			children = (
				19C65BF72C71161F008EF7FA /* Managers */,
				19C65BF62C7115FC008EF7FA /* Resources */,
				19C65BF42C7110B3008EF7FA /* ViewModels */,
				19C65BF52C7110C0008EF7FA /* Models */,
				19C65BF32C7110A7008EF7FA /* Views */,
				19C65BEA2C7100A5008EF7FA /* Controllers */,
				19C65BD62C70F84E008EF7FA /* AppDelegate.swift */,
				19C65BD82C70F84E008EF7FA /* SceneDelegate.swift */,
				19C65BDA2C70F84E008EF7FA /* MainTabbarViewController.swift */,
				19C65BDF2C70F84F008EF7FA /* Assets.xcassets */,
				19C65BE12C70F84F008EF7FA /* LaunchScreen.storyboard */,
				19C65BE42C70F84F008EF7FA /* Info.plist */,
			);
			path = NetflixApp;
			sourceTree = "<group>";
		};
		19C65BEA2C7100A5008EF7FA /* Controllers */ = {
			isa = PBXGroup;
			children = (
				19C65BEB2C71085B008EF7FA /* HomeViewController.swift */,
				19C65BED2C71088F008EF7FA /* UpcomingViewController.swift */,
				19C65BEF2C7108BC008EF7FA /* SearchViewController.swift */,
				19C65BF12C7108DF008EF7FA /* DownloadsViewController.swift */,
			);
			path = Controllers;
			sourceTree = "<group>";
		};
		19C65BF32C7110A7008EF7FA /* Views */ = {
			isa = PBXGroup;
			children = (
				19C65BF82C711884008EF7FA /* CollectionViewTableViewCell.swift */,
				19C65BFA2C712397008EF7FA /* HeroHeaderUIView.swift */,
			);
			path = Views;
			sourceTree = "<group>";
		};
		19C65BF42C7110B3008EF7FA /* ViewModels */ = {
			isa = PBXGroup;
			children = (
			);
			path = ViewModels;
			sourceTree = "<group>";
		};
		19C65BF52C7110C0008EF7FA /* Models */ = {
			isa = PBXGroup;
			children = (
			);
			path = Models;
			sourceTree = "<group>";
		};
		19C65BF62C7115FC008EF7FA /* Resources */ = {
			isa = PBXGroup;
			children = (
			);
			path = Resources;
			sourceTree = "<group>";
		};
		19C65BF72C71161F008EF7FA /* Managers */ = {
			isa = PBXGroup;
			children = (
				19679E7B2C73653100C9F9BA /* APICaller.swift */,
			);
			path = Managers;
			sourceTree = "<group>";
		};
/* End PBXGroup section */

/* Begin PBXNativeTarget section */
		19C65BD22C70F84E008EF7FA /* NetflixApp */ = {
			isa = PBXNativeTarget;
			buildConfigurationList = 19C65BE72C70F84F008EF7FA /* Build configuration list for PBXNativeTarget "NetflixApp" */;
			buildPhases = (
				19C65BCF2C70F84E008EF7FA /* Sources */,
				19C65BD02C70F84E008EF7FA /* Frameworks */,
				19C65BD12C70F84E008EF7FA /* Resources */,
			);
			buildRules = (
			);
			dependencies = (
			);
			name = NetflixApp;
			productName = NetflixApp;
			productReference = 19C65BD32C70F84E008EF7FA /* NetflixApp.app */;
			productType = "com.apple.product-type.application";
		};
/* End PBXNativeTarget section */

/* Begin PBXProject section */
		19C65BCB2C70F84E008EF7FA /* Project object */ = {
			isa = PBXProject;
			attributes = {
				BuildIndependentTargetsInParallel = 1;
				LastSwiftUpdateCheck = 1540;
				LastUpgradeCheck = 1540;
				TargetAttributes = {
					19C65BD22C70F84E008EF7FA = {
						CreatedOnToolsVersion = 15.4;
					};
				};
			};
			buildConfigurationList = 19C65BCE2C70F84E008EF7FA /* Build configuration list for PBXProject "NetflixApp" */;
			compatibilityVersion = "Xcode 14.0";
			developmentRegion = en;
			hasScannedForEncodings = 0;
			knownRegions = (
				en,
				Base,
			);
			mainGroup = 19C65BCA2C70F84E008EF7FA;
			productRefGroup = 19C65BD42C70F84E008EF7FA /* Products */;
			projectDirPath = "";
			projectRoot = "";
			targets = (
				19C65BD22C70F84E008EF7FA /* NetflixApp */,
			);
		};
/* End PBXProject section */

/* Begin PBXResourcesBuildPhase section */
		19C65BD12C70F84E008EF7FA /* Resources */ = {
			isa = PBXResourcesBuildPhase;
			buildActionMask = 2147483647;
			files = (
				19C65BE02C70F84F008EF7FA /* Assets.xcassets in Resources */,
				19C65BE32C70F84F008EF7FA /* Base in Resources */,
			);
			runOnlyForDeploymentPostprocessing = 0;
		};
/* End PBXResourcesBuildPhase section */

/* Begin PBXSourcesBuildPhase section */
		19C65BCF2C70F84E008EF7FA /* Sources */ = {
			isa = PBXSourcesBuildPhase;
			buildActionMask = 2147483647;
			files = (
				19C65BF02C7108BC008EF7FA /* SearchViewController.swift in Sources */,
				19C65BDB2C70F84E008EF7FA /* MainTabbarViewController.swift in Sources */,
				19C65BF92C711884008EF7FA /* CollectionViewTableViewCell.swift in Sources */,
				19679E7C2C73653100C9F9BA /* APICaller.swift in Sources */,
				19C65BFB2C712397008EF7FA /* HeroHeaderUIView.swift in Sources */,
				19C65BF22C7108DF008EF7FA /* DownloadsViewController.swift in Sources */,
				19C65BD72C70F84E008EF7FA /* AppDelegate.swift in Sources */,
				19C65BD92C70F84E008EF7FA /* SceneDelegate.swift in Sources */,
				19C65BEE2C71088F008EF7FA /* UpcomingViewController.swift in Sources */,
				19C65BEC2C71085B008EF7FA /* HomeViewController.swift in Sources */,
			);
			runOnlyForDeploymentPostprocessing = 0;
		};
/* End PBXSourcesBuildPhase section */

/* Begin PBXVariantGroup section */
		19C65BE12C70F84F008EF7FA /* LaunchScreen.storyboard */ = {
			isa = PBXVariantGroup;
			children = (
				19C65BE22C70F84F008EF7FA /* Base */,
			);
			name = LaunchScreen.storyboard;
			sourceTree = "<group>";
		};
/* End PBXVariantGroup section */

/* Begin XCBuildConfiguration section */
		19C65BE52C70F84F008EF7FA /* Debug */ = {
			isa = XCBuildConfiguration;
			buildSettings = {
				ALWAYS_SEARCH_USER_PATHS = NO;
				ASSETCATALOG_COMPILER_GENERATE_SWIFT_ASSET_SYMBOL_EXTENSIONS = YES;
				CLANG_ANALYZER_NONNULL = YES;
				CLANG_ANALYZER_NUMBER_OBJECT_CONVERSION = YES_AGGRESSIVE;
				CLANG_CXX_LANGUAGE_STANDARD = "gnu++20";
				CLANG_ENABLE_MODULES = YES;
				CLANG_ENABLE_OBJC_ARC = YES;
				CLANG_ENABLE_OBJC_WEAK = YES;
				CLANG_WARN_BLOCK_CAPTURE_AUTORELEASING = YES;
				CLANG_WARN_BOOL_CONVERSION = YES;
				CLANG_WARN_COMMA = YES;
				CLANG_WARN_CONSTANT_CONVERSION = YES;
				CLANG_WARN_DEPRECATED_OBJC_IMPLEMENTATIONS = YES;
				CLANG_WARN_DIRECT_OBJC_ISA_USAGE = YES_ERROR;
				CLANG_WARN_DOCUMENTATION_COMMENTS = YES;
				CLANG_WARN_EMPTY_BODY = YES;
				CLANG_WARN_ENUM_CONVERSION = YES;
				CLANG_WARN_INFINITE_RECURSION = YES;
				CLANG_WARN_INT_CONVERSION = YES;
				CLANG_WARN_NON_LITERAL_NULL_CONVERSION = YES;
				CLANG_WARN_OBJC_IMPLICIT_RETAIN_SELF = YES;
				CLANG_WARN_OBJC_LITERAL_CONVERSION = YES;
				CLANG_WARN_OBJC_ROOT_CLASS = YES_ERROR;
				CLANG_WARN_QUOTED_INCLUDE_IN_FRAMEWORK_HEADER = YES;
				CLANG_WARN_RANGE_LOOP_ANALYSIS = YES;
				CLANG_WARN_STRICT_PROTOTYPES = YES;
				CLANG_WARN_SUSPICIOUS_MOVE = YES;
				CLANG_WARN_UNGUARDED_AVAILABILITY = YES_AGGRESSIVE;
				CLANG_WARN_UNREACHABLE_CODE = YES;
				CLANG_WARN__DUPLICATE_METHOD_MATCH = YES;
				COPY_PHASE_STRIP = NO;
				DEBUG_INFORMATION_FORMAT = dwarf;
				ENABLE_STRICT_OBJC_MSGSEND = YES;
				ENABLE_TESTABILITY = YES;
				ENABLE_USER_SCRIPT_SANDBOXING = YES;
				GCC_C_LANGUAGE_STANDARD = gnu17;
				GCC_DYNAMIC_NO_PIC = NO;
				GCC_NO_COMMON_BLOCKS = YES;
				GCC_OPTIMIZATION_LEVEL = 0;
				GCC_PREPROCESSOR_DEFINITIONS = (
					"DEBUG=1",
					"$(inherited)",
				);
				GCC_WARN_64_TO_32_BIT_CONVERSION = YES;
				GCC_WARN_ABOUT_RETURN_TYPE = YES_ERROR;
				GCC_WARN_UNDECLARED_SELECTOR = YES;
				GCC_WARN_UNINITIALIZED_AUTOS = YES_AGGRESSIVE;
				GCC_WARN_UNUSED_FUNCTION = YES;
				GCC_WARN_UNUSED_VARIABLE = YES;
				IPHONEOS_DEPLOYMENT_TARGET = 17.5;
				LOCALIZATION_PREFERS_STRING_CATALOGS = YES;
				MTL_ENABLE_DEBUG_INFO = INCLUDE_SOURCE;
				MTL_FAST_MATH = YES;
				ONLY_ACTIVE_ARCH = YES;
				SDKROOT = iphoneos;
				SWIFT_ACTIVE_COMPILATION_CONDITIONS = "DEBUG $(inherited)";
				SWIFT_OPTIMIZATION_LEVEL = "-Onone";
			};
			name = Debug;
		};
		19C65BE62C70F84F008EF7FA /* Release */ = {
			isa = XCBuildConfiguration;
			buildSettings = {
				ALWAYS_SEARCH_USER_PATHS = NO;
				ASSETCATALOG_COMPILER_GENERATE_SWIFT_ASSET_SYMBOL_EXTENSIONS = YES;
				CLANG_ANALYZER_NONNULL = YES;
				CLANG_ANALYZER_NUMBER_OBJECT_CONVERSION = YES_AGGRESSIVE;
				CLANG_CXX_LANGUAGE_STANDARD = "gnu++20";
				CLANG_ENABLE_MODULES = YES;
				CLANG_ENABLE_OBJC_ARC = YES;
				CLANG_ENABLE_OBJC_WEAK = YES;
				CLANG_WARN_BLOCK_CAPTURE_AUTORELEASING = YES;
				CLANG_WARN_BOOL_CONVERSION = YES;
				CLANG_WARN_COMMA = YES;
				CLANG_WARN_CONSTANT_CONVERSION = YES;
				CLANG_WARN_DEPRECATED_OBJC_IMPLEMENTATIONS = YES;
				CLANG_WARN_DIRECT_OBJC_ISA_USAGE = YES_ERROR;
				CLANG_WARN_DOCUMENTATION_COMMENTS = YES;
				CLANG_WARN_EMPTY_BODY = YES;
				CLANG_WARN_ENUM_CONVERSION = YES;
				CLANG_WARN_INFINITE_RECURSION = YES;
				CLANG_WARN_INT_CONVERSION = YES;
				CLANG_WARN_NON_LITERAL_NULL_CONVERSION = YES;
				CLANG_WARN_OBJC_IMPLICIT_RETAIN_SELF = YES;
				CLANG_WARN_OBJC_LITERAL_CONVERSION = YES;
				CLANG_WARN_OBJC_ROOT_CLASS = YES_ERROR;
				CLANG_WARN_QUOTED_INCLUDE_IN_FRAMEWORK_HEADER = YES;
				CLANG_WARN_RANGE_LOOP_ANALYSIS = YES;
				CLANG_WARN_STRICT_PROTOTYPES = YES;
				CLANG_WARN_SUSPICIOUS_MOVE = YES;
				CLANG_WARN_UNGUARDED_AVAILABILITY = YES_AGGRESSIVE;
				CLANG_WARN_UNREACHABLE_CODE = YES;
				CLANG_WARN__DUPLICATE_METHOD_MATCH = YES;
				COPY_PHASE_STRIP = NO;
				DEBUG_INFORMATION_FORMAT = "dwarf-with-dsym";
				ENABLE_NS_ASSERTIONS = NO;
				ENABLE_STRICT_OBJC_MSGSEND = YES;
				ENABLE_USER_SCRIPT_SANDBOXING = YES;
				GCC_C_LANGUAGE_STANDARD = gnu17;
				GCC_NO_COMMON_BLOCKS = YES;
				GCC_WARN_64_TO_32_BIT_CONVERSION = YES;
				GCC_WARN_ABOUT_RETURN_TYPE = YES_ERROR;
				GCC_WARN_UNDECLARED_SELECTOR = YES;
				GCC_WARN_UNINITIALIZED_AUTOS = YES_AGGRESSIVE;
				GCC_WARN_UNUSED_FUNCTION = YES;
				GCC_WARN_UNUSED_VARIABLE = YES;
				IPHONEOS_DEPLOYMENT_TARGET = 17.5;
				LOCALIZATION_PREFERS_STRING_CATALOGS = YES;
				MTL_ENABLE_DEBUG_INFO = NO;
				MTL_FAST_MATH = YES;
				SDKROOT = iphoneos;
				SWIFT_COMPILATION_MODE = wholemodule;
				VALIDATE_PRODUCT = YES;
			};
			name = Release;
		};
		19C65BE82C70F84F008EF7FA /* Debug */ = {
			isa = XCBuildConfiguration;
			buildSettings = {
				ASSETCATALOG_COMPILER_APPICON_NAME = AppIcon;
				ASSETCATALOG_COMPILER_GLOBAL_ACCENT_COLOR_NAME = AccentColor;
				CODE_SIGN_STYLE = Automatic;
				CURRENT_PROJECT_VERSION = 1;
				GENERATE_INFOPLIST_FILE = YES;
				INFOPLIST_FILE = NetflixApp/Info.plist;
				INFOPLIST_KEY_UIApplicationSupportsIndirectInputEvents = YES;
				INFOPLIST_KEY_UILaunchStoryboardName = LaunchScreen;
				INFOPLIST_KEY_UISupportedInterfaceOrientations_iPad = "UIInterfaceOrientationPortrait UIInterfaceOrientationPortraitUpsideDown UIInterfaceOrientationLandscapeLeft UIInterfaceOrientationLandscapeRight";
				INFOPLIST_KEY_UISupportedInterfaceOrientations_iPhone = "UIInterfaceOrientationPortrait UIInterfaceOrientationLandscapeLeft UIInterfaceOrientationLandscapeRight";
				LD_RUNPATH_SEARCH_PATHS = (
					"$(inherited)",
					"@executable_path/Frameworks",
				);
				MARKETING_VERSION = 1.0;
				PRODUCT_BUNDLE_IDENTIFIER = "learning-hammasir.NetflixApp";
				PRODUCT_NAME = "$(TARGET_NAME)";
				SWIFT_EMIT_LOC_STRINGS = YES;
				SWIFT_VERSION = 5.0;
				TARGETED_DEVICE_FAMILY = "1,2";
			};
			name = Debug;
		};
		19C65BE92C70F84F008EF7FA /* Release */ = {
			isa = XCBuildConfiguration;
			buildSettings = {
				ASSETCATALOG_COMPILER_APPICON_NAME = AppIcon;
				ASSETCATALOG_COMPILER_GLOBAL_ACCENT_COLOR_NAME = AccentColor;
				CODE_SIGN_STYLE = Automatic;
				CURRENT_PROJECT_VERSION = 1;
				GENERATE_INFOPLIST_FILE = YES;
				INFOPLIST_FILE = NetflixApp/Info.plist;
				INFOPLIST_KEY_UIApplicationSupportsIndirectInputEvents = YES;
				INFOPLIST_KEY_UILaunchStoryboardName = LaunchScreen;
				INFOPLIST_KEY_UISupportedInterfaceOrientations_iPad = "UIInterfaceOrientationPortrait UIInterfaceOrientationPortraitUpsideDown UIInterfaceOrientationLandscapeLeft UIInterfaceOrientationLandscapeRight";
				INFOPLIST_KEY_UISupportedInterfaceOrientations_iPhone = "UIInterfaceOrientationPortrait UIInterfaceOrientationLandscapeLeft UIInterfaceOrientationLandscapeRight";
				LD_RUNPATH_SEARCH_PATHS = (
					"$(inherited)",
					"@executable_path/Frameworks",
				);
				MARKETING_VERSION = 1.0;
				PRODUCT_BUNDLE_IDENTIFIER = "learning-hammasir.NetflixApp";
				PRODUCT_NAME = "$(TARGET_NAME)";
				SWIFT_EMIT_LOC_STRINGS = YES;
				SWIFT_VERSION = 5.0;
				TARGETED_DEVICE_FAMILY = "1,2";
			};
			name = Release;
		};
/* End XCBuildConfiguration section */

/* Begin XCConfigurationList section */
		19C65BCE2C70F84E008EF7FA /* Build configuration list for PBXProject "NetflixApp" */ = {
			isa = XCConfigurationList;
			buildConfigurations = (
				19C65BE52C70F84F008EF7FA /* Debug */,
				19C65BE62C70F84F008EF7FA /* Release */,
			);
			defaultConfigurationIsVisible = 0;
			defaultConfigurationName = Release;
		};
		19C65BE72C70F84F008EF7FA /* Build configuration list for PBXNativeTarget "NetflixApp" */ = {
			isa = XCConfigurationList;
			buildConfigurations = (
				19C65BE82C70F84F008EF7FA /* Debug */,
				19C65BE92C70F84F008EF7FA /* Release */,
			);
			defaultConfigurationIsVisible = 0;
			defaultConfigurationName = Release;
		};
/* End XCConfigurationList section */
	};
	rootObject = 19C65BCB2C70F84E008EF7FA /* Project object */;
}
